// !$*UTF8*$!
{
	archiveVersion = 1;
	classes = {
	};
	objectVersion = 50;
	objects = {

/* Begin PBXBuildFile section */
		0EEF2DFFBEB54FBB090E0BC0 /* Pods_flixsterTests.framework in Frameworks */ = {isa = PBXBuildFile; fileRef = 49CC90211437FFEB0E814074 /* Pods_flixsterTests.framework */; };
		493AA1E3251B9A9C00326CF3 /* AppDelegate.swift in Sources */ = {isa = PBXBuildFile; fileRef = 493AA1E2251B9A9C00326CF3 /* AppDelegate.swift */; };
		493AA1E5251B9A9C00326CF3 /* SceneDelegate.swift in Sources */ = {isa = PBXBuildFile; fileRef = 493AA1E4251B9A9C00326CF3 /* SceneDelegate.swift */; };
		493AA1E7251B9A9C00326CF3 /* MoviesViewController.swift in Sources */ = {isa = PBXBuildFile; fileRef = 493AA1E6251B9A9C00326CF3 /* MoviesViewController.swift */; };
		493AA1EA251B9A9C00326CF3 /* Main.storyboard in Resources */ = {isa = PBXBuildFile; fileRef = 493AA1E8251B9A9C00326CF3 /* Main.storyboard */; };
		493AA1EC251B9A9E00326CF3 /* Assets.xcassets in Resources */ = {isa = PBXBuildFile; fileRef = 493AA1EB251B9A9E00326CF3 /* Assets.xcassets */; };
		493AA1EF251B9A9E00326CF3 /* LaunchScreen.storyboard in Resources */ = {isa = PBXBuildFile; fileRef = 493AA1ED251B9A9E00326CF3 /* LaunchScreen.storyboard */; };
		493AA1FA251B9A9F00326CF3 /* flixsterTests.swift in Sources */ = {isa = PBXBuildFile; fileRef = 493AA1F9251B9A9F00326CF3 /* flixsterTests.swift */; };
		493AA205251B9A9F00326CF3 /* flixsterUITests.swift in Sources */ = {isa = PBXBuildFile; fileRef = 493AA204251B9A9F00326CF3 /* flixsterUITests.swift */; };
		493DDBA9251EEBFB00E156B4 /* MovieCell.swift in Sources */ = {isa = PBXBuildFile; fileRef = 493DDBA8251EEBFB00E156B4 /* MovieCell.swift */; };
		6DEF4A110A8D732FF572E7A7 /* Pods_flixster_flixsterUITests.framework in Frameworks */ = {isa = PBXBuildFile; fileRef = D5B4F759BD3C6594B4C46FEC /* Pods_flixster_flixsterUITests.framework */; };
		EC3CF6A80C9E8816A1C5C0FB /* Pods_flixster.framework in Frameworks */ = {isa = PBXBuildFile; fileRef = 5A49FB442ABFBD0FD7004DA0 /* Pods_flixster.framework */; };
/* End PBXBuildFile section */

/* Begin PBXContainerItemProxy section */
		493AA1F6251B9A9F00326CF3 /* PBXContainerItemProxy */ = {
			isa = PBXContainerItemProxy;
			containerPortal = 493AA1D7251B9A9C00326CF3 /* Project object */;
			proxyType = 1;
			remoteGlobalIDString = 493AA1DE251B9A9C00326CF3;
			remoteInfo = flixster;
		};
		493AA201251B9A9F00326CF3 /* PBXContainerItemProxy */ = {
			isa = PBXContainerItemProxy;
			containerPortal = 493AA1D7251B9A9C00326CF3 /* Project object */;
			proxyType = 1;
			remoteGlobalIDString = 493AA1DE251B9A9C00326CF3;
			remoteInfo = flixster;
		};
/* End PBXContainerItemProxy section */

/* Begin PBXFileReference section */
		1E5F9CC1F07E703C23414EC7 /* Pods-flixsterTests.debug.xcconfig */ = {isa = PBXFileReference; includeInIndex = 1; lastKnownFileType = text.xcconfig; name = "Pods-flixsterTests.debug.xcconfig"; path = "Target Support Files/Pods-flixsterTests/Pods-flixsterTests.debug.xcconfig"; sourceTree = "<group>"; };
		27785950DFD2382892C343E6 /* Pods-flixster-flixsterUITests.debug.xcconfig */ = {isa = PBXFileReference; includeInIndex = 1; lastKnownFileType = text.xcconfig; name = "Pods-flixster-flixsterUITests.debug.xcconfig"; path = "Target Support Files/Pods-flixster-flixsterUITests/Pods-flixster-flixsterUITests.debug.xcconfig"; sourceTree = "<group>"; };
		413EEF36DBF3F1BAC954523C /* Pods-flixster.release.xcconfig */ = {isa = PBXFileReference; includeInIndex = 1; lastKnownFileType = text.xcconfig; name = "Pods-flixster.release.xcconfig"; path = "Target Support Files/Pods-flixster/Pods-flixster.release.xcconfig"; sourceTree = "<group>"; };
		493AA1DF251B9A9C00326CF3 /* flixster.app */ = {isa = PBXFileReference; explicitFileType = wrapper.application; includeInIndex = 0; path = flixster.app; sourceTree = BUILT_PRODUCTS_DIR; };
		493AA1E2251B9A9C00326CF3 /* AppDelegate.swift */ = {isa = PBXFileReference; lastKnownFileType = sourcecode.swift; path = AppDelegate.swift; sourceTree = "<group>"; };
		493AA1E4251B9A9C00326CF3 /* SceneDelegate.swift */ = {isa = PBXFileReference; lastKnownFileType = sourcecode.swift; path = SceneDelegate.swift; sourceTree = "<group>"; };
		493AA1E6251B9A9C00326CF3 /* MoviesViewController.swift */ = {isa = PBXFileReference; lastKnownFileType = sourcecode.swift; path = MoviesViewController.swift; sourceTree = "<group>"; };
		493AA1E9251B9A9C00326CF3 /* Base */ = {isa = PBXFileReference; lastKnownFileType = file.storyboard; name = Base; path = Base.lproj/Main.storyboard; sourceTree = "<group>"; };
		493AA1EB251B9A9E00326CF3 /* Assets.xcassets */ = {isa = PBXFileReference; lastKnownFileType = folder.assetcatalog; path = Assets.xcassets; sourceTree = "<group>"; };
		493AA1EE251B9A9E00326CF3 /* Base */ = {isa = PBXFileReference; lastKnownFileType = file.storyboard; name = Base; path = Base.lproj/LaunchScreen.storyboard; sourceTree = "<group>"; };
		493AA1F0251B9A9E00326CF3 /* Info.plist */ = {isa = PBXFileReference; lastKnownFileType = text.plist.xml; path = Info.plist; sourceTree = "<group>"; };
		493AA1F5251B9A9F00326CF3 /* flixsterTests.xctest */ = {isa = PBXFileReference; explicitFileType = wrapper.cfbundle; includeInIndex = 0; path = flixsterTests.xctest; sourceTree = BUILT_PRODUCTS_DIR; };
		493AA1F9251B9A9F00326CF3 /* flixsterTests.swift */ = {isa = PBXFileReference; lastKnownFileType = sourcecode.swift; path = flixsterTests.swift; sourceTree = "<group>"; };
		493AA1FB251B9A9F00326CF3 /* Info.plist */ = {isa = PBXFileReference; lastKnownFileType = text.plist.xml; path = Info.plist; sourceTree = "<group>"; };
		493AA200251B9A9F00326CF3 /* flixsterUITests.xctest */ = {isa = PBXFileReference; explicitFileType = wrapper.cfbundle; includeInIndex = 0; path = flixsterUITests.xctest; sourceTree = BUILT_PRODUCTS_DIR; };
		493AA204251B9A9F00326CF3 /* flixsterUITests.swift */ = {isa = PBXFileReference; lastKnownFileType = sourcecode.swift; path = flixsterUITests.swift; sourceTree = "<group>"; };
		493AA206251B9A9F00326CF3 /* Info.plist */ = {isa = PBXFileReference; lastKnownFileType = text.plist.xml; path = Info.plist; sourceTree = "<group>"; };
		493DDBA8251EEBFB00E156B4 /* MovieCell.swift */ = {isa = PBXFileReference; lastKnownFileType = sourcecode.swift; path = MovieCell.swift; sourceTree = "<group>"; };
		49CC90211437FFEB0E814074 /* Pods_flixsterTests.framework */ = {isa = PBXFileReference; explicitFileType = wrapper.framework; includeInIndex = 0; path = Pods_flixsterTests.framework; sourceTree = BUILT_PRODUCTS_DIR; };
		5A49FB442ABFBD0FD7004DA0 /* Pods_flixster.framework */ = {isa = PBXFileReference; explicitFileType = wrapper.framework; includeInIndex = 0; path = Pods_flixster.framework; sourceTree = BUILT_PRODUCTS_DIR; };
		5E0AB082AFC74292CB7CE9C1 /* Pods-flixsterTests.release.xcconfig */ = {isa = PBXFileReference; includeInIndex = 1; lastKnownFileType = text.xcconfig; name = "Pods-flixsterTests.release.xcconfig"; path = "Target Support Files/Pods-flixsterTests/Pods-flixsterTests.release.xcconfig"; sourceTree = "<group>"; };
		84BA9624FCB3951CB1845A35 /* Pods-flixster.debug.xcconfig */ = {isa = PBXFileReference; includeInIndex = 1; lastKnownFileType = text.xcconfig; name = "Pods-flixster.debug.xcconfig"; path = "Target Support Files/Pods-flixster/Pods-flixster.debug.xcconfig"; sourceTree = "<group>"; };
		D5B4F759BD3C6594B4C46FEC /* Pods_flixster_flixsterUITests.framework */ = {isa = PBXFileReference; explicitFileType = wrapper.framework; includeInIndex = 0; path = Pods_flixster_flixsterUITests.framework; sourceTree = BUILT_PRODUCTS_DIR; };
		FD764119EC6B3B516D84B000 /* Pods-flixster-flixsterUITests.release.xcconfig */ = {isa = PBXFileReference; includeInIndex = 1; lastKnownFileType = text.xcconfig; name = "Pods-flixster-flixsterUITests.release.xcconfig"; path = "Target Support Files/Pods-flixster-flixsterUITests/Pods-flixster-flixsterUITests.release.xcconfig"; sourceTree = "<group>"; };
/* End PBXFileReference section */

/* Begin PBXFrameworksBuildPhase section */
		493AA1DC251B9A9C00326CF3 /* Frameworks */ = {
			isa = PBXFrameworksBuildPhase;
			buildActionMask = 2147483647;
			files = (
				EC3CF6A80C9E8816A1C5C0FB /* Pods_flixster.framework in Frameworks */,
			);
			runOnlyForDeploymentPostprocessing = 0;
		};
		493AA1F2251B9A9F00326CF3 /* Frameworks */ = {
			isa = PBXFrameworksBuildPhase;
			buildActionMask = 2147483647;
			files = (
				0EEF2DFFBEB54FBB090E0BC0 /* Pods_flixsterTests.framework in Frameworks */,
			);
			runOnlyForDeploymentPostprocessing = 0;
		};
		493AA1FD251B9A9F00326CF3 /* Frameworks */ = {
			isa = PBXFrameworksBuildPhase;
			buildActionMask = 2147483647;
			files = (
				6DEF4A110A8D732FF572E7A7 /* Pods_flixster_flixsterUITests.framework in Frameworks */,
			);
			runOnlyForDeploymentPostprocessing = 0;
		};
/* End PBXFrameworksBuildPhase section */

/* Begin PBXGroup section */
		493AA1D6251B9A9C00326CF3 = {
			isa = PBXGroup;
			children = (
				493AA1E1251B9A9C00326CF3 /* flixster */,
				493AA1F8251B9A9F00326CF3 /* flixsterTests */,
				493AA203251B9A9F00326CF3 /* flixsterUITests */,
				493AA1E0251B9A9C00326CF3 /* Products */,
				9E10E3A8D45E3BA7786E75A9 /* Pods */,
				BFDBC60B594C45BF0F9E11A0 /* Frameworks */,
			);
			sourceTree = "<group>";
		};
		493AA1E0251B9A9C00326CF3 /* Products */ = {
			isa = PBXGroup;
			children = (
				493AA1DF251B9A9C00326CF3 /* flixster.app */,
				493AA1F5251B9A9F00326CF3 /* flixsterTests.xctest */,
				493AA200251B9A9F00326CF3 /* flixsterUITests.xctest */,
			);
			name = Products;
			sourceTree = "<group>";
		};
		493AA1E1251B9A9C00326CF3 /* flixster */ = {
			isa = PBXGroup;
			children = (
				493AA1E2251B9A9C00326CF3 /* AppDelegate.swift */,
				493AA1E4251B9A9C00326CF3 /* SceneDelegate.swift */,
				493AA1E6251B9A9C00326CF3 /* MoviesViewController.swift */,
				493AA1E8251B9A9C00326CF3 /* Main.storyboard */,
				493DDBA8251EEBFB00E156B4 /* MovieCell.swift */,
				493AA1EB251B9A9E00326CF3 /* Assets.xcassets */,
				493AA1ED251B9A9E00326CF3 /* LaunchScreen.storyboard */,
				493AA1F0251B9A9E00326CF3 /* Info.plist */,
			);
			path = flixster;
			sourceTree = "<group>";
		};
		493AA1F8251B9A9F00326CF3 /* flixsterTests */ = {
			isa = PBXGroup;
			children = (
				493AA1F9251B9A9F00326CF3 /* flixsterTests.swift */,
				493AA1FB251B9A9F00326CF3 /* Info.plist */,
			);
			path = flixsterTests;
			sourceTree = "<group>";
		};
		493AA203251B9A9F00326CF3 /* flixsterUITests */ = {
			isa = PBXGroup;
			children = (
				493AA204251B9A9F00326CF3 /* flixsterUITests.swift */,
				493AA206251B9A9F00326CF3 /* Info.plist */,
			);
			path = flixsterUITests;
			sourceTree = "<group>";
		};
		9E10E3A8D45E3BA7786E75A9 /* Pods */ = {
			isa = PBXGroup;
			children = (
				84BA9624FCB3951CB1845A35 /* Pods-flixster.debug.xcconfig */,
				413EEF36DBF3F1BAC954523C /* Pods-flixster.release.xcconfig */,
				27785950DFD2382892C343E6 /* Pods-flixster-flixsterUITests.debug.xcconfig */,
				FD764119EC6B3B516D84B000 /* Pods-flixster-flixsterUITests.release.xcconfig */,
				1E5F9CC1F07E703C23414EC7 /* Pods-flixsterTests.debug.xcconfig */,
				5E0AB082AFC74292CB7CE9C1 /* Pods-flixsterTests.release.xcconfig */,
			);
			name = Pods;
			path = Pods;
			sourceTree = "<group>";
		};
		BFDBC60B594C45BF0F9E11A0 /* Frameworks */ = {
			isa = PBXGroup;
			children = (
				5A49FB442ABFBD0FD7004DA0 /* Pods_flixster.framework */,
				D5B4F759BD3C6594B4C46FEC /* Pods_flixster_flixsterUITests.framework */,
				49CC90211437FFEB0E814074 /* Pods_flixsterTests.framework */,
			);
			name = Frameworks;
			sourceTree = "<group>";
		};
/* End PBXGroup section */

/* Begin PBXNativeTarget section */
		493AA1DE251B9A9C00326CF3 /* flixster */ = {
			isa = PBXNativeTarget;
			buildConfigurationList = 493AA209251B9A9F00326CF3 /* Build configuration list for PBXNativeTarget "flixster" */;
			buildPhases = (
				3473D55EE26051C9EA4207D1 /* [CP] Check Pods Manifest.lock */,
				493AA1DB251B9A9C00326CF3 /* Sources */,
				493AA1DC251B9A9C00326CF3 /* Frameworks */,
				493AA1DD251B9A9C00326CF3 /* Resources */,
				96AD0C20CDCFC52338C8D7B2 /* [CP] Embed Pods Frameworks */,
			);
			buildRules = (
			);
			dependencies = (
			);
			name = flixster;
			productName = flixster;
			productReference = 493AA1DF251B9A9C00326CF3 /* flixster.app */;
			productType = "com.apple.product-type.application";
		};
		493AA1F4251B9A9F00326CF3 /* flixsterTests */ = {
			isa = PBXNativeTarget;
			buildConfigurationList = 493AA20C251B9A9F00326CF3 /* Build configuration list for PBXNativeTarget "flixsterTests" */;
			buildPhases = (
				5C0371D57CC29FCC9957F1C0 /* [CP] Check Pods Manifest.lock */,
				493AA1F1251B9A9F00326CF3 /* Sources */,
				493AA1F2251B9A9F00326CF3 /* Frameworks */,
				493AA1F3251B9A9F00326CF3 /* Resources */,
			);
			buildRules = (
			);
			dependencies = (
				493AA1F7251B9A9F00326CF3 /* PBXTargetDependency */,
			);
			name = flixsterTests;
			productName = flixsterTests;
			productReference = 493AA1F5251B9A9F00326CF3 /* flixsterTests.xctest */;
			productType = "com.apple.product-type.bundle.unit-test";
		};
		493AA1FF251B9A9F00326CF3 /* flixsterUITests */ = {
			isa = PBXNativeTarget;
			buildConfigurationList = 493AA20F251B9A9F00326CF3 /* Build configuration list for PBXNativeTarget "flixsterUITests" */;
			buildPhases = (
				78A5824230F123A06354CD1A /* [CP] Check Pods Manifest.lock */,
				493AA1FC251B9A9F00326CF3 /* Sources */,
				493AA1FD251B9A9F00326CF3 /* Frameworks */,
				493AA1FE251B9A9F00326CF3 /* Resources */,
				4D63FF6A2819612A763EE86F /* [CP] Embed Pods Frameworks */,
			);
			buildRules = (
			);
			dependencies = (
				493AA202251B9A9F00326CF3 /* PBXTargetDependency */,
			);
			name = flixsterUITests;
			productName = flixsterUITests;
			productReference = 493AA200251B9A9F00326CF3 /* flixsterUITests.xctest */;
			productType = "com.apple.product-type.bundle.ui-testing";
		};
/* End PBXNativeTarget section */

/* Begin PBXProject section */
		493AA1D7251B9A9C00326CF3 /* Project object */ = {
			isa = PBXProject;
			attributes = {
				LastSwiftUpdateCheck = 1200;
				LastUpgradeCheck = 1200;
				TargetAttributes = {
					493AA1DE251B9A9C00326CF3 = {
						CreatedOnToolsVersion = 12.0;
					};
					493AA1F4251B9A9F00326CF3 = {
						CreatedOnToolsVersion = 12.0;
						TestTargetID = 493AA1DE251B9A9C00326CF3;
					};
					493AA1FF251B9A9F00326CF3 = {
						CreatedOnToolsVersion = 12.0;
						TestTargetID = 493AA1DE251B9A9C00326CF3;
					};
				};
			};
			buildConfigurationList = 493AA1DA251B9A9C00326CF3 /* Build configuration list for PBXProject "flixster" */;
			compatibilityVersion = "Xcode 9.3";
			developmentRegion = en;
			hasScannedForEncodings = 0;
			knownRegions = (
				en,
				Base,
			);
			mainGroup = 493AA1D6251B9A9C00326CF3;
			productRefGroup = 493AA1E0251B9A9C00326CF3 /* Products */;
			projectDirPath = "";
			projectRoot = "";
			targets = (
				493AA1DE251B9A9C00326CF3 /* flixster */,
				493AA1F4251B9A9F00326CF3 /* flixsterTests */,
				493AA1FF251B9A9F00326CF3 /* flixsterUITests */,
			);
		};
/* End PBXProject section */

/* Begin PBXResourcesBuildPhase section */
		493AA1DD251B9A9C00326CF3 /* Resources */ = {
			isa = PBXResourcesBuildPhase;
			buildActionMask = 2147483647;
			files = (
				493AA1EF251B9A9E00326CF3 /* LaunchScreen.storyboard in Resources */,
				493AA1EC251B9A9E00326CF3 /* Assets.xcassets in Resources */,
				493AA1EA251B9A9C00326CF3 /* Main.storyboard in Resources */,
			);
			runOnlyForDeploymentPostprocessing = 0;
		};
		493AA1F3251B9A9F00326CF3 /* Resources */ = {
			isa = PBXResourcesBuildPhase;
			buildActionMask = 2147483647;
			files = (
			);
			runOnlyForDeploymentPostprocessing = 0;
		};
		493AA1FE251B9A9F00326CF3 /* Resources */ = {
			isa = PBXResourcesBuildPhase;
			buildActionMask = 2147483647;
			files = (
			);
			runOnlyForDeploymentPostprocessing = 0;
		};
/* End PBXResourcesBuildPhase section */

/* Begin PBXShellScriptBuildPhase section */
		3473D55EE26051C9EA4207D1 /* [CP] Check Pods Manifest.lock */ = {
			isa = PBXShellScriptBuildPhase;
			buildActionMask = 2147483647;
			files = (
			);
			inputFileListPaths = (
			);
			inputPaths = (
				"${PODS_PODFILE_DIR_PATH}/Podfile.lock",
				"${PODS_ROOT}/Manifest.lock",
			);
			name = "[CP] Check Pods Manifest.lock";
			outputFileListPaths = (
			);
			outputPaths = (
				"$(DERIVED_FILE_DIR)/Pods-flixster-checkManifestLockResult.txt",
			);
			runOnlyForDeploymentPostprocessing = 0;
			shellPath = /bin/sh;
			shellScript = "diff \"${PODS_PODFILE_DIR_PATH}/Podfile.lock\" \"${PODS_ROOT}/Manifest.lock\" > /dev/null\nif [ $? != 0 ] ; then\n    # print error to STDERR\n    echo \"error: The sandbox is not in sync with the Podfile.lock. Run 'pod install' or update your CocoaPods installation.\" >&2\n    exit 1\nfi\n# This output is used by Xcode 'outputs' to avoid re-running this script phase.\necho \"SUCCESS\" > \"${SCRIPT_OUTPUT_FILE_0}\"\n";
			showEnvVarsInLog = 0;
		};
		4D63FF6A2819612A763EE86F /* [CP] Embed Pods Frameworks */ = {
			isa = PBXShellScriptBuildPhase;
			buildActionMask = 2147483647;
			files = (
			);
			inputFileListPaths = (
				"${PODS_ROOT}/Target Support Files/Pods-flixster-flixsterUITests/Pods-flixster-flixsterUITests-frameworks-${CONFIGURATION}-input-files.xcfilelist",
			);
			name = "[CP] Embed Pods Frameworks";
			outputFileListPaths = (
				"${PODS_ROOT}/Target Support Files/Pods-flixster-flixsterUITests/Pods-flixster-flixsterUITests-frameworks-${CONFIGURATION}-output-files.xcfilelist",
			);
			runOnlyForDeploymentPostprocessing = 0;
			shellPath = /bin/sh;
			shellScript = "\"${PODS_ROOT}/Target Support Files/Pods-flixster-flixsterUITests/Pods-flixster-flixsterUITests-frameworks.sh\"\n";
			showEnvVarsInLog = 0;
		};
		5C0371D57CC29FCC9957F1C0 /* [CP] Check Pods Manifest.lock */ = {
			isa = PBXShellScriptBuildPhase;
			buildActionMask = 2147483647;
			files = (
			);
			inputFileListPaths = (
			);
			inputPaths = (
				"${PODS_PODFILE_DIR_PATH}/Podfile.lock",
				"${PODS_ROOT}/Manifest.lock",
			);
			name = "[CP] Check Pods Manifest.lock";
			outputFileListPaths = (
			);
			outputPaths = (
				"$(DERIVED_FILE_DIR)/Pods-flixsterTests-checkManifestLockResult.txt",
			);
			runOnlyForDeploymentPostprocessing = 0;
			shellPath = /bin/sh;
			shellScript = "diff \"${PODS_PODFILE_DIR_PATH}/Podfile.lock\" \"${PODS_ROOT}/Manifest.lock\" > /dev/null\nif [ $? != 0 ] ; then\n    # print error to STDERR\n    echo \"error: The sandbox is not in sync with the Podfile.lock. Run 'pod install' or update your CocoaPods installation.\" >&2\n    exit 1\nfi\n# This output is used by Xcode 'outputs' to avoid re-running this script phase.\necho \"SUCCESS\" > \"${SCRIPT_OUTPUT_FILE_0}\"\n";
			showEnvVarsInLog = 0;
		};
		78A5824230F123A06354CD1A /* [CP] Check Pods Manifest.lock */ = {
			isa = PBXShellScriptBuildPhase;
			buildActionMask = 2147483647;
			files = (
			);
			inputFileListPaths = (
			);
			inputPaths = (
				"${PODS_PODFILE_DIR_PATH}/Podfile.lock",
				"${PODS_ROOT}/Manifest.lock",
			);
			name = "[CP] Check Pods Manifest.lock";
			outputFileListPaths = (
			);
			outputPaths = (
				"$(DERIVED_FILE_DIR)/Pods-flixster-flixsterUITests-checkManifestLockResult.txt",
			);
			runOnlyForDeploymentPostprocessing = 0;
			shellPath = /bin/sh;
			shellScript = "diff \"${PODS_PODFILE_DIR_PATH}/Podfile.lock\" \"${PODS_ROOT}/Manifest.lock\" > /dev/null\nif [ $? != 0 ] ; then\n    # print error to STDERR\n    echo \"error: The sandbox is not in sync with the Podfile.lock. Run 'pod install' or update your CocoaPods installation.\" >&2\n    exit 1\nfi\n# This output is used by Xcode 'outputs' to avoid re-running this script phase.\necho \"SUCCESS\" > \"${SCRIPT_OUTPUT_FILE_0}\"\n";
			showEnvVarsInLog = 0;
		};
		96AD0C20CDCFC52338C8D7B2 /* [CP] Embed Pods Frameworks */ = {
			isa = PBXShellScriptBuildPhase;
			buildActionMask = 2147483647;
			files = (
			);
			inputFileListPaths = (
				"${PODS_ROOT}/Target Support Files/Pods-flixster/Pods-flixster-frameworks-${CONFIGURATION}-input-files.xcfilelist",
			);
			name = "[CP] Embed Pods Frameworks";
			outputFileListPaths = (
				"${PODS_ROOT}/Target Support Files/Pods-flixster/Pods-flixster-frameworks-${CONFIGURATION}-output-files.xcfilelist",
			);
			runOnlyForDeploymentPostprocessing = 0;
			shellPath = /bin/sh;
			shellScript = "\"${PODS_ROOT}/Target Support Files/Pods-flixster/Pods-flixster-frameworks.sh\"\n";
			showEnvVarsInLog = 0;
		};
/* End PBXShellScriptBuildPhase section */

/* Begin PBXSourcesBuildPhase section */
		493AA1DB251B9A9C00326CF3 /* Sources */ = {
			isa = PBXSourcesBuildPhase;
			buildActionMask = 2147483647;
			files = (
				493AA1E7251B9A9C00326CF3 /* MoviesViewController.swift in Sources */,
				493AA1E3251B9A9C00326CF3 /* AppDelegate.swift in Sources */,
				493DDBA9251EEBFB00E156B4 /* MovieCell.swift in Sources */,
				493AA1E5251B9A9C00326CF3 /* SceneDelegate.swift in Sources */,
			);
			runOnlyForDeploymentPostprocessing = 0;
		};
		493AA1F1251B9A9F00326CF3 /* Sources */ = {
			isa = PBXSourcesBuildPhase;
			buildActionMask = 2147483647;
			files = (
				493AA1FA251B9A9F00326CF3 /* flixsterTests.swift in Sources */,
			);
			runOnlyForDeploymentPostprocessing = 0;
		};
		493AA1FC251B9A9F00326CF3 /* Sources */ = {
			isa = PBXSourcesBuildPhase;
			buildActionMask = 2147483647;
			files = (
				493AA205251B9A9F00326CF3 /* flixsterUITests.swift in Sources */,
			);
			runOnlyForDeploymentPostprocessing = 0;
		};
/* End PBXSourcesBuildPhase section */

/* Begin PBXTargetDependency section */
		493AA1F7251B9A9F00326CF3 /* PBXTargetDependency */ = {
			isa = PBXTargetDependency;
			target = 493AA1DE251B9A9C00326CF3 /* flixster */;
			targetProxy = 493AA1F6251B9A9F00326CF3 /* PBXContainerItemProxy */;
		};
		493AA202251B9A9F00326CF3 /* PBXTargetDependency */ = {
			isa = PBXTargetDependency;
			target = 493AA1DE251B9A9C00326CF3 /* flixster */;
			targetProxy = 493AA201251B9A9F00326CF3 /* PBXContainerItemProxy */;
		};
/* End PBXTargetDependency section */

/* Begin PBXVariantGroup section */
		493AA1E8251B9A9C00326CF3 /* Main.storyboard */ = {
			isa = PBXVariantGroup;
			children = (
				493AA1E9251B9A9C00326CF3 /* Base */,
			);
			name = Main.storyboard;
			sourceTree = "<group>";
		};
		493AA1ED251B9A9E00326CF3 /* LaunchScreen.storyboard */ = {
			isa = PBXVariantGroup;
			children = (
				493AA1EE251B9A9E00326CF3 /* Base */,
			);
			name = LaunchScreen.storyboard;
			sourceTree = "<group>";
		};
/* End PBXVariantGroup section */

/* Begin XCBuildConfiguration section */
		493AA207251B9A9F00326CF3 /* Debug */ = {
			isa = XCBuildConfiguration;
			buildSettings = {
				ALWAYS_SEARCH_USER_PATHS = NO;
				CLANG_ANALYZER_NONNULL = YES;
				CLANG_ANALYZER_NUMBER_OBJECT_CONVERSION = YES_AGGRESSIVE;
				CLANG_CXX_LANGUAGE_STANDARD = "gnu++14";
				CLANG_CXX_LIBRARY = "libc++";
				CLANG_ENABLE_MODULES = YES;
				CLANG_ENABLE_OBJC_ARC = YES;
				CLANG_ENABLE_OBJC_WEAK = YES;
				CLANG_WARN_BLOCK_CAPTURE_AUTORELEASING = YES;
				CLANG_WARN_BOOL_CONVERSION = YES;
				CLANG_WARN_COMMA = YES;
				CLANG_WARN_CONSTANT_CONVERSION = YES;
				CLANG_WARN_DEPRECATED_OBJC_IMPLEMENTATIONS = YES;
				CLANG_WARN_DIRECT_OBJC_ISA_USAGE = YES_ERROR;
				CLANG_WARN_DOCUMENTATION_COMMENTS = YES;
				CLANG_WARN_EMPTY_BODY = YES;
				CLANG_WARN_ENUM_CONVERSION = YES;
				CLANG_WARN_INFINITE_RECURSION = YES;
				CLANG_WARN_INT_CONVERSION = YES;
				CLANG_WARN_NON_LITERAL_NULL_CONVERSION = YES;
				CLANG_WARN_OBJC_IMPLICIT_RETAIN_SELF = YES;
				CLANG_WARN_OBJC_LITERAL_CONVERSION = YES;
				CLANG_WARN_OBJC_ROOT_CLASS = YES_ERROR;
				CLANG_WARN_QUOTED_INCLUDE_IN_FRAMEWORK_HEADER = YES;
				CLANG_WARN_RANGE_LOOP_ANALYSIS = YES;
				CLANG_WARN_STRICT_PROTOTYPES = YES;
				CLANG_WARN_SUSPICIOUS_MOVE = YES;
				CLANG_WARN_UNGUARDED_AVAILABILITY = YES_AGGRESSIVE;
				CLANG_WARN_UNREACHABLE_CODE = YES;
				CLANG_WARN__DUPLICATE_METHOD_MATCH = YES;
				COPY_PHASE_STRIP = NO;
				DEBUG_INFORMATION_FORMAT = dwarf;
				ENABLE_STRICT_OBJC_MSGSEND = YES;
				ENABLE_TESTABILITY = YES;
				GCC_C_LANGUAGE_STANDARD = gnu11;
				GCC_DYNAMIC_NO_PIC = NO;
				GCC_NO_COMMON_BLOCKS = YES;
				GCC_OPTIMIZATION_LEVEL = 0;
				GCC_PREPROCESSOR_DEFINITIONS = (
					"DEBUG=1",
					"$(inherited)",
				);
				GCC_WARN_64_TO_32_BIT_CONVERSION = YES;
				GCC_WARN_ABOUT_RETURN_TYPE = YES_ERROR;
				GCC_WARN_UNDECLARED_SELECTOR = YES;
				GCC_WARN_UNINITIALIZED_AUTOS = YES_AGGRESSIVE;
				GCC_WARN_UNUSED_FUNCTION = YES;
				GCC_WARN_UNUSED_VARIABLE = YES;
				IPHONEOS_DEPLOYMENT_TARGET = 14.0;
				MTL_ENABLE_DEBUG_INFO = INCLUDE_SOURCE;
				MTL_FAST_MATH = YES;
				ONLY_ACTIVE_ARCH = YES;
				SDKROOT = iphoneos;
				SWIFT_ACTIVE_COMPILATION_CONDITIONS = DEBUG;
				SWIFT_OPTIMIZATION_LEVEL = "-Onone";
			};
			name = Debug;
		};
		493AA208251B9A9F00326CF3 /* Release */ = {
			isa = XCBuildConfiguration;
			buildSettings = {
				ALWAYS_SEARCH_USER_PATHS = NO;
				CLANG_ANALYZER_NONNULL = YES;
				CLANG_ANALYZER_NUMBER_OBJECT_CONVERSION = YES_AGGRESSIVE;
				CLANG_CXX_LANGUAGE_STANDARD = "gnu++14";
				CLANG_CXX_LIBRARY = "libc++";
				CLANG_ENABLE_MODULES = YES;
				CLANG_ENABLE_OBJC_ARC = YES;
				CLANG_ENABLE_OBJC_WEAK = YES;
				CLANG_WARN_BLOCK_CAPTURE_AUTORELEASING = YES;
				CLANG_WARN_BOOL_CONVERSION = YES;
				CLANG_WARN_COMMA = YES;
				CLANG_WARN_CONSTANT_CONVERSION = YES;
				CLANG_WARN_DEPRECATED_OBJC_IMPLEMENTATIONS = YES;
				CLANG_WARN_DIRECT_OBJC_ISA_USAGE = YES_ERROR;
				CLANG_WARN_DOCUMENTATION_COMMENTS = YES;
				CLANG_WARN_EMPTY_BODY = YES;
				CLANG_WARN_ENUM_CONVERSION = YES;
				CLANG_WARN_INFINITE_RECURSION = YES;
				CLANG_WARN_INT_CONVERSION = YES;
				CLANG_WARN_NON_LITERAL_NULL_CONVERSION = YES;
				CLANG_WARN_OBJC_IMPLICIT_RETAIN_SELF = YES;
				CLANG_WARN_OBJC_LITERAL_CONVERSION = YES;
				CLANG_WARN_OBJC_ROOT_CLASS = YES_ERROR;
				CLANG_WARN_QUOTED_INCLUDE_IN_FRAMEWORK_HEADER = YES;
				CLANG_WARN_RANGE_LOOP_ANALYSIS = YES;
				CLANG_WARN_STRICT_PROTOTYPES = YES;
				CLANG_WARN_SUSPICIOUS_MOVE = YES;
				CLANG_WARN_UNGUARDED_AVAILABILITY = YES_AGGRESSIVE;
				CLANG_WARN_UNREACHABLE_CODE = YES;
				CLANG_WARN__DUPLICATE_METHOD_MATCH = YES;
				COPY_PHASE_STRIP = NO;
				DEBUG_INFORMATION_FORMAT = "dwarf-with-dsym";
				ENABLE_NS_ASSERTIONS = NO;
				ENABLE_STRICT_OBJC_MSGSEND = YES;
				GCC_C_LANGUAGE_STANDARD = gnu11;
				GCC_NO_COMMON_BLOCKS = YES;
				GCC_WARN_64_TO_32_BIT_CONVERSION = YES;
				GCC_WARN_ABOUT_RETURN_TYPE = YES_ERROR;
				GCC_WARN_UNDECLARED_SELECTOR = YES;
				GCC_WARN_UNINITIALIZED_AUTOS = YES_AGGRESSIVE;
				GCC_WARN_UNUSED_FUNCTION = YES;
				GCC_WARN_UNUSED_VARIABLE = YES;
				IPHONEOS_DEPLOYMENT_TARGET = 14.0;
				MTL_ENABLE_DEBUG_INFO = NO;
				MTL_FAST_MATH = YES;
				SDKROOT = iphoneos;
				SWIFT_COMPILATION_MODE = wholemodule;
				SWIFT_OPTIMIZATION_LEVEL = "-O";
				VALIDATE_PRODUCT = YES;
			};
			name = Release;
		};
		493AA20A251B9A9F00326CF3 /* Debug */ = {
			isa = XCBuildConfiguration;
			baseConfigurationReference = 84BA9624FCB3951CB1845A35 /* Pods-flixster.debug.xcconfig */;
			buildSettings = {
				ASSETCATALOG_COMPILER_APPICON_NAME = AppIcon;
				ASSETCATALOG_COMPILER_GLOBAL_ACCENT_COLOR_NAME = AccentColor;
				CODE_SIGN_STYLE = Automatic;
				INFOPLIST_FILE = flixster/Info.plist;
				LD_RUNPATH_SEARCH_PATHS = (
					"$(inherited)",
					"@executable_path/Frameworks",
				);
				PRODUCT_BUNDLE_IDENTIFIER = Codepath.flixster;
				PRODUCT_NAME = "$(TARGET_NAME)";
				SWIFT_VERSION = 5.0;
				TARGETED_DEVICE_FAMILY = "1,2";
			};
			name = Debug;
		};
		493AA20B251B9A9F00326CF3 /* Release */ = {
			isa = XCBuildConfiguration;
			baseConfigurationReference = 413EEF36DBF3F1BAC954523C /* Pods-flixster.release.xcconfig */;
			buildSettings = {
				ASSETCATALOG_COMPILER_APPICON_NAME = AppIcon;
				ASSETCATALOG_COMPILER_GLOBAL_ACCENT_COLOR_NAME = AccentColor;
				CODE_SIGN_STYLE = Automatic;
				INFOPLIST_FILE = flixster/Info.plist;
				LD_RUNPATH_SEARCH_PATHS = (
					"$(inherited)",
					"@executable_path/Frameworks",
				);
				PRODUCT_BUNDLE_IDENTIFIER = Codepath.flixster;
				PRODUCT_NAME = "$(TARGET_NAME)";
				SWIFT_VERSION = 5.0;
				TARGETED_DEVICE_FAMILY = "1,2";
			};
			name = Release;
		};
		493AA20D251B9A9F00326CF3 /* Debug */ = {
			isa = XCBuildConfiguration;
			baseConfigurationReference = 1E5F9CC1F07E703C23414EC7 /* Pods-flixsterTests.debug.xcconfig */;
			buildSettings = {
				ALWAYS_EMBED_SWIFT_STANDARD_LIBRARIES = YES;
				BUNDLE_LOADER = "$(TEST_HOST)";
				CODE_SIGN_STYLE = Automatic;
				INFOPLIST_FILE = flixsterTests/Info.plist;
				IPHONEOS_DEPLOYMENT_TARGET = 14.0;
				LD_RUNPATH_SEARCH_PATHS = (
					"$(inherited)",
					"@executable_path/Frameworks",
					"@loader_path/Frameworks",
				);
				PRODUCT_BUNDLE_IDENTIFIER = Codepath.flixsterTests;
				PRODUCT_NAME = "$(TARGET_NAME)";
				SWIFT_VERSION = 5.0;
				TARGETED_DEVICE_FAMILY = "1,2";
				TEST_HOST = "$(BUILT_PRODUCTS_DIR)/flixster.app/flixster";
			};
			name = Debug;
		};
		493AA20E251B9A9F00326CF3 /* Release */ = {
			isa = XCBuildConfiguration;
			baseConfigurationReference = 5E0AB082AFC74292CB7CE9C1 /* Pods-flixsterTests.release.xcconfig */;
			buildSettings = {
				ALWAYS_EMBED_SWIFT_STANDARD_LIBRARIES = YES;
				BUNDLE_LOADER = "$(TEST_HOST)";
				CODE_SIGN_STYLE = Automatic;
				INFOPLIST_FILE = flixsterTests/Info.plist;
				IPHONEOS_DEPLOYMENT_TARGET = 14.0;
				LD_RUNPATH_SEARCH_PATHS = (
					"$(inherited)",
					"@executable_path/Frameworks",
					"@loader_path/Frameworks",
				);
				PRODUCT_BUNDLE_IDENTIFIER = Codepath.flixsterTests;
				PRODUCT_NAME = "$(TARGET_NAME)";
				SWIFT_VERSION = 5.0;
				TARGETED_DEVICE_FAMILY = "1,2";
				TEST_HOST = "$(BUILT_PRODUCTS_DIR)/flixster.app/flixster";
			};
			name = Release;
		};
		493AA210251B9A9F00326CF3 /* Debug */ = {
			isa = XCBuildConfiguration;
			baseConfigurationReference = 27785950DFD2382892C343E6 /* Pods-flixster-flixsterUITests.debug.xcconfig */;
			buildSettings = {
				ALWAYS_EMBED_SWIFT_STANDARD_LIBRARIES = YES;
				CODE_SIGN_STYLE = Automatic;
				INFOPLIST_FILE = flixsterUITests/Info.plist;
				LD_RUNPATH_SEARCH_PATHS = (
					"$(inherited)",
					"@executable_path/Frameworks",
					"@loader_path/Frameworks",
				);
				PRODUCT_BUNDLE_IDENTIFIER = Codepath.flixsterUITests;
				PRODUCT_NAME = "$(TARGET_NAME)";
				SWIFT_VERSION = 5.0;
				TARGETED_DEVICE_FAMILY = "1,2";
				TEST_TARGET_NAME = flixster;
			};
			name = Debug;
		};
		493AA211251B9A9F00326CF3 /* Release */ = {
			isa = XCBuildConfiguration;
			baseConfigurationReference = FD764119EC6B3B516D84B000 /* Pods-flixster-flixsterUITests.release.xcconfig */;
			buildSettings = {
				ALWAYS_EMBED_SWIFT_STANDARD_LIBRARIES = YES;
				CODE_SIGN_STYLE = Automatic;
				INFOPLIST_FILE = flixsterUITests/Info.plist;
				LD_RUNPATH_SEARCH_PATHS = (
					"$(inherited)",
					"@executable_path/Frameworks",
					"@loader_path/Frameworks",
				);
				PRODUCT_BUNDLE_IDENTIFIER = Codepath.flixsterUITests;
				PRODUCT_NAME = "$(TARGET_NAME)";
				SWIFT_VERSION = 5.0;
				TARGETED_DEVICE_FAMILY = "1,2";
				TEST_TARGET_NAME = flixster;
			};
			name = Release;
		};
/* End XCBuildConfiguration section */

/* Begin XCConfigurationList section */
		493AA1DA251B9A9C00326CF3 /* Build configuration list for PBXProject "flixster" */ = {
			isa = XCConfigurationList;
			buildConfigurations = (
				493AA207251B9A9F00326CF3 /* Debug */,
				493AA208251B9A9F00326CF3 /* Release */,
			);
			defaultConfigurationIsVisible = 0;
			defaultConfigurationName = Release;
		};
		493AA209251B9A9F00326CF3 /* Build configuration list for PBXNativeTarget "flixster" */ = {
			isa = XCConfigurationList;
			buildConfigurations = (
				493AA20A251B9A9F00326CF3 /* Debug */,
				493AA20B251B9A9F00326CF3 /* Release */,
			);
			defaultConfigurationIsVisible = 0;
			defaultConfigurationName = Release;
		};
		493AA20C251B9A9F00326CF3 /* Build configuration list for PBXNativeTarget "flixsterTests" */ = {
			isa = XCConfigurationList;
			buildConfigurations = (
				493AA20D251B9A9F00326CF3 /* Debug */,
				493AA20E251B9A9F00326CF3 /* Release */,
			);
			defaultConfigurationIsVisible = 0;
			defaultConfigurationName = Release;
		};
		493AA20F251B9A9F00326CF3 /* Build configuration list for PBXNativeTarget "flixsterUITests" */ = {
			isa = XCConfigurationList;
			buildConfigurations = (
				493AA210251B9A9F00326CF3 /* Debug */,
				493AA211251B9A9F00326CF3 /* Release */,
			);
			defaultConfigurationIsVisible = 0;
			defaultConfigurationName = Release;
		};
/* End XCConfigurationList section */
	};
	rootObject = 493AA1D7251B9A9C00326CF3 /* Project object */;
}
